// !$*UTF8*$!
{
	archiveVersion = 1;
	classes = {
	};
	objectVersion = 48;
	objects = {

/* Begin PBXBuildFile section */
		35EB29D920202737009D0FAE /* Runtime.framework in Frameworks */ = {isa = PBXBuildFile; fileRef = 35EB29D52020270F009D0FAE /* Runtime.framework */; };
		35EB29DC20202761009D0FAE /* RuntimeBrowserViewController.storyboard in Resources */ = {isa = PBXBuildFile; fileRef = 35EB29DB20202761009D0FAE /* RuntimeBrowserViewController.storyboard */; };
		35EB29DE2020280B009D0FAE /* FrameworksBrowserViewController.swift in Sources */ = {isa = PBXBuildFile; fileRef = 35EB29DD2020280B009D0FAE /* FrameworksBrowserViewController.swift */; };
		35EB29EF20202DD9009D0FAE /* RuntimeBrowserViewController.xcassets in Resources */ = {isa = PBXBuildFile; fileRef = 35EB29EE20202DD9009D0FAE /* RuntimeBrowserViewController.xcassets */; };
		35EB29F120203232009D0FAE /* ClassesBrowserViewController.swift in Sources */ = {isa = PBXBuildFile; fileRef = 35EB29F020203232009D0FAE /* ClassesBrowserViewController.swift */; };
		35ED034F202026A8007A941C /* RuntimeUI.framework in Frameworks */ = {isa = PBXBuildFile; fileRef = 35ED0345202026A7007A941C /* RuntimeUI.framework */; };
		35ED0354202026A8007A941C /* RuntimeUITests.swift in Sources */ = {isa = PBXBuildFile; fileRef = 35ED0353202026A8007A941C /* RuntimeUITests.swift */; };
		35ED0356202026A8007A941C /* RuntimeUI.h in Headers */ = {isa = PBXBuildFile; fileRef = 35ED0348202026A8007A941C /* RuntimeUI.h */; settings = {ATTRIBUTES = (Public, ); }; };
/* End PBXBuildFile section */

/* Begin PBXContainerItemProxy section */
		35EB29D42020270F009D0FAE /* PBXContainerItemProxy */ = {
			isa = PBXContainerItemProxy;
			containerPortal = 35EB29CF2020270F009D0FAE /* Runtime.xcodeproj */;
			proxyType = 2;
			remoteGlobalIDString = 35ED02DE202022F5007A941C;
			remoteInfo = Runtime;
		};
		35EB29D62020270F009D0FAE /* PBXContainerItemProxy */ = {
			isa = PBXContainerItemProxy;
			containerPortal = 35EB29CF2020270F009D0FAE /* Runtime.xcodeproj */;
			proxyType = 2;
			remoteGlobalIDString = 35ED02E7202022F5007A941C;
			remoteInfo = RuntimeTests;
		};
		35ED0350202026A8007A941C /* PBXContainerItemProxy */ = {
			isa = PBXContainerItemProxy;
			containerPortal = 35ED033C202026A7007A941C /* Project object */;
			proxyType = 1;
			remoteGlobalIDString = 35ED0344202026A7007A941C;
			remoteInfo = RuntimeUI;
		};
/* End PBXContainerItemProxy section */

/* Begin PBXFileReference section */
		35EB29CF2020270F009D0FAE /* Runtime.xcodeproj */ = {isa = PBXFileReference; lastKnownFileType = "wrapper.pb-project"; name = Runtime.xcodeproj; path = ../Runtime/Runtime.xcodeproj; sourceTree = "<group>"; };
		35EB29DB20202761009D0FAE /* RuntimeBrowserViewController.storyboard */ = {isa = PBXFileReference; lastKnownFileType = file.storyboard; path = RuntimeBrowserViewController.storyboard; sourceTree = "<group>"; };
		35EB29DD2020280B009D0FAE /* FrameworksBrowserViewController.swift */ = {isa = PBXFileReference; lastKnownFileType = sourcecode.swift; path = FrameworksBrowserViewController.swift; sourceTree = "<group>"; };
		35EB29EE20202DD9009D0FAE /* RuntimeBrowserViewController.xcassets */ = {isa = PBXFileReference; lastKnownFileType = folder.assetcatalog; path = RuntimeBrowserViewController.xcassets; sourceTree = "<group>"; };
		35EB29F020203232009D0FAE /* ClassesBrowserViewController.swift */ = {isa = PBXFileReference; lastKnownFileType = sourcecode.swift; path = ClassesBrowserViewController.swift; sourceTree = "<group>"; };
		35ED0345202026A7007A941C /* RuntimeUI.framework */ = {isa = PBXFileReference; explicitFileType = wrapper.framework; includeInIndex = 0; path = RuntimeUI.framework; sourceTree = BUILT_PRODUCTS_DIR; };
		35ED0348202026A8007A941C /* RuntimeUI.h */ = {isa = PBXFileReference; lastKnownFileType = sourcecode.c.h; path = RuntimeUI.h; sourceTree = "<group>"; };
		35ED0349202026A8007A941C /* Info.plist */ = {isa = PBXFileReference; lastKnownFileType = text.plist.xml; path = Info.plist; sourceTree = "<group>"; };
		35ED034E202026A8007A941C /* RuntimeUITests.xctest */ = {isa = PBXFileReference; explicitFileType = wrapper.cfbundle; includeInIndex = 0; path = RuntimeUITests.xctest; sourceTree = BUILT_PRODUCTS_DIR; };
		35ED0353202026A8007A941C /* RuntimeUITests.swift */ = {isa = PBXFileReference; lastKnownFileType = sourcecode.swift; path = RuntimeUITests.swift; sourceTree = "<group>"; };
		35ED0355202026A8007A941C /* Info.plist */ = {isa = PBXFileReference; lastKnownFileType = text.plist.xml; path = Info.plist; sourceTree = "<group>"; };
/* End PBXFileReference section */

/* Begin PBXFrameworksBuildPhase section */
		35ED0341202026A7007A941C /* Frameworks */ = {
			isa = PBXFrameworksBuildPhase;
			buildActionMask = 2147483647;
			files = (
				35EB29D920202737009D0FAE /* Runtime.framework in Frameworks */,
			);
			runOnlyForDeploymentPostprocessing = 0;
		};
		35ED034B202026A8007A941C /* Frameworks */ = {
			isa = PBXFrameworksBuildPhase;
			buildActionMask = 2147483647;
			files = (
				35ED034F202026A8007A941C /* RuntimeUI.framework in Frameworks */,
			);
			runOnlyForDeploymentPostprocessing = 0;
		};
/* End PBXFrameworksBuildPhase section */

/* Begin PBXGroup section */
		35EB29D02020270F009D0FAE /* Products */ = {
			isa = PBXGroup;
			children = (
				35EB29D52020270F009D0FAE /* Runtime.framework */,
				35EB29D72020270F009D0FAE /* RuntimeTests.xctest */,
			);
			name = Products;
			sourceTree = "<group>";
		};
		35EB29D820202737009D0FAE /* Frameworks */ = {
			isa = PBXGroup;
			children = (
			);
			name = Frameworks;
			sourceTree = "<group>";
		};
		35EB29DA2020274A009D0FAE /* Classes */ = {
			isa = PBXGroup;
			children = (
				35EB29DB20202761009D0FAE /* RuntimeBrowserViewController.storyboard */,
				35EB29EE20202DD9009D0FAE /* RuntimeBrowserViewController.xcassets */,
				35EB29DD2020280B009D0FAE /* FrameworksBrowserViewController.swift */,
				35EB29F020203232009D0FAE /* ClassesBrowserViewController.swift */,
			);
			path = Classes;
			sourceTree = "<group>";
		};
		35ED033B202026A7007A941C = {
			isa = PBXGroup;
			children = (
				35ED0368202026C8007A941C /* LinkedLibraries */,
				35ED0347202026A7007A941C /* RuntimeUI */,
				35ED0352202026A8007A941C /* RuntimeUITests */,
				35ED0346202026A7007A941C /* Products */,
				35EB29D820202737009D0FAE /* Frameworks */,
			);
			sourceTree = "<group>";
		};
		35ED0346202026A7007A941C /* Products */ = {
			isa = PBXGroup;
			children = (
				35ED0345202026A7007A941C /* RuntimeUI.framework */,
				35ED034E202026A8007A941C /* RuntimeUITests.xctest */,
			);
			name = Products;
			sourceTree = "<group>";
		};
		35ED0347202026A7007A941C /* RuntimeUI */ = {
			isa = PBXGroup;
			children = (
				35EB29DA2020274A009D0FAE /* Classes */,
				35ED0348202026A8007A941C /* RuntimeUI.h */,
				35ED0349202026A8007A941C /* Info.plist */,
			);
			path = RuntimeUI;
			sourceTree = "<group>";
		};
		35ED0352202026A8007A941C /* RuntimeUITests */ = {
			isa = PBXGroup;
			children = (
				35ED0353202026A8007A941C /* RuntimeUITests.swift */,
				35ED0355202026A8007A941C /* Info.plist */,
			);
			path = RuntimeUITests;
			sourceTree = "<group>";
		};
		35ED0368202026C8007A941C /* LinkedLibraries */ = {
			isa = PBXGroup;
			children = (
				35EB29CF2020270F009D0FAE /* Runtime.xcodeproj */,
			);
			name = LinkedLibraries;
			sourceTree = "<group>";
		};
/* End PBXGroup section */

/* Begin PBXHeadersBuildPhase section */
		35ED0342202026A7007A941C /* Headers */ = {
			isa = PBXHeadersBuildPhase;
			buildActionMask = 2147483647;
			files = (
				35ED0356202026A8007A941C /* RuntimeUI.h in Headers */,
			);
			runOnlyForDeploymentPostprocessing = 0;
		};
/* End PBXHeadersBuildPhase section */

/* Begin PBXNativeTarget section */
		35ED0344202026A7007A941C /* RuntimeUI */ = {
			isa = PBXNativeTarget;
			buildConfigurationList = 35ED0359202026A8007A941C /* Build configuration list for PBXNativeTarget "RuntimeUI" */;
			buildPhases = (
				35ED0340202026A7007A941C /* Sources */,
				35ED0341202026A7007A941C /* Frameworks */,
				35ED0342202026A7007A941C /* Headers */,
				35ED0343202026A7007A941C /* Resources */,
			);
			buildRules = (
			);
			dependencies = (
			);
			name = RuntimeUI;
			productName = RuntimeUI;
			productReference = 35ED0345202026A7007A941C /* RuntimeUI.framework */;
			productType = "com.apple.product-type.framework";
		};
		35ED034D202026A8007A941C /* RuntimeUITests */ = {
			isa = PBXNativeTarget;
			buildConfigurationList = 35ED035C202026A8007A941C /* Build configuration list for PBXNativeTarget "RuntimeUITests" */;
			buildPhases = (
				35ED034A202026A8007A941C /* Sources */,
				35ED034B202026A8007A941C /* Frameworks */,
				35ED034C202026A8007A941C /* Resources */,
			);
			buildRules = (
			);
			dependencies = (
				35ED0351202026A8007A941C /* PBXTargetDependency */,
			);
			name = RuntimeUITests;
			productName = RuntimeUITests;
			productReference = 35ED034E202026A8007A941C /* RuntimeUITests.xctest */;
			productType = "com.apple.product-type.bundle.unit-test";
		};
/* End PBXNativeTarget section */

/* Begin PBXProject section */
		35ED033C202026A7007A941C /* Project object */ = {
			isa = PBXProject;
			attributes = {
				LastSwiftUpdateCheck = 0920;
				LastUpgradeCheck = 0920;
				ORGANIZATIONNAME = "haikieu2907@icloud.com";
				TargetAttributes = {
					35ED0344202026A7007A941C = {
						CreatedOnToolsVersion = 9.2;
						LastSwiftMigration = 0920;
						ProvisioningStyle = Automatic;
					};
					35ED034D202026A8007A941C = {
						CreatedOnToolsVersion = 9.2;
						ProvisioningStyle = Automatic;
					};
				};
			};
			buildConfigurationList = 35ED033F202026A7007A941C /* Build configuration list for PBXProject "RuntimeUI" */;
			compatibilityVersion = "Xcode 8.0";
			developmentRegion = en;
			hasScannedForEncodings = 0;
			knownRegions = (
				en,
			);
			mainGroup = 35ED033B202026A7007A941C;
			productRefGroup = 35ED0346202026A7007A941C /* Products */;
			projectDirPath = "";
			projectReferences = (
				{
					ProductGroup = 35EB29D02020270F009D0FAE /* Products */;
					ProjectRef = 35EB29CF2020270F009D0FAE /* Runtime.xcodeproj */;
				},
			);
			projectRoot = "";
			targets = (
				35ED0344202026A7007A941C /* RuntimeUI */,
				35ED034D202026A8007A941C /* RuntimeUITests */,
			);
		};
/* End PBXProject section */

/* Begin PBXReferenceProxy section */
		35EB29D52020270F009D0FAE /* Runtime.framework */ = {
			isa = PBXReferenceProxy;
			fileType = wrapper.framework;
			path = Runtime.framework;
			remoteRef = 35EB29D42020270F009D0FAE /* PBXContainerItemProxy */;
			sourceTree = BUILT_PRODUCTS_DIR;
		};
		35EB29D72020270F009D0FAE /* RuntimeTests.xctest */ = {
			isa = PBXReferenceProxy;
			fileType = wrapper.cfbundle;
			path = RuntimeTests.xctest;
			remoteRef = 35EB29D62020270F009D0FAE /* PBXContainerItemProxy */;
			sourceTree = BUILT_PRODUCTS_DIR;
		};
/* End PBXReferenceProxy section */

/* Begin PBXResourcesBuildPhase section */
		35ED0343202026A7007A941C /* Resources */ = {
			isa = PBXResourcesBuildPhase;
			buildActionMask = 2147483647;
			files = (
				35EB29EF20202DD9009D0FAE /* RuntimeBrowserViewController.xcassets in Resources */,
				35EB29DC20202761009D0FAE /* RuntimeBrowserViewController.storyboard in Resources */,
			);
			runOnlyForDeploymentPostprocessing = 0;
		};
		35ED034C202026A8007A941C /* Resources */ = {
			isa = PBXResourcesBuildPhase;
			buildActionMask = 2147483647;
			files = (
			);
			runOnlyForDeploymentPostprocessing = 0;
		};
/* End PBXResourcesBuildPhase section */

/* Begin PBXSourcesBuildPhase section */
		35ED0340202026A7007A941C /* Sources */ = {
			isa = PBXSourcesBuildPhase;
			buildActionMask = 2147483647;
			files = (
				35EB29F120203232009D0FAE /* ClassesBrowserViewController.swift in Sources */,
				35EB29DE2020280B009D0FAE /* FrameworksBrowserViewController.swift in Sources */,
			);
			runOnlyForDeploymentPostprocessing = 0;
		};
		35ED034A202026A8007A941C /* Sources */ = {
			isa = PBXSourcesBuildPhase;
			buildActionMask = 2147483647;
			files = (
				35ED0354202026A8007A941C /* RuntimeUITests.swift in Sources */,
			);
			runOnlyForDeploymentPostprocessing = 0;
		};
/* End PBXSourcesBuildPhase section */

/* Begin PBXTargetDependency section */
		35ED0351202026A8007A941C /* PBXTargetDependency */ = {
			isa = PBXTargetDependency;
			target = 35ED0344202026A7007A941C /* RuntimeUI */;
			targetProxy = 35ED0350202026A8007A941C /* PBXContainerItemProxy */;
		};
/* End PBXTargetDependency section */

/* Begin XCBuildConfiguration section */
		35ED0357202026A8007A941C /* Debug */ = {
			isa = XCBuildConfiguration;
			buildSettings = {
				ALWAYS_SEARCH_USER_PATHS = NO;
				CLANG_ANALYZER_NONNULL = YES;
				CLANG_ANALYZER_NUMBER_OBJECT_CONVERSION = YES_AGGRESSIVE;
				CLANG_CXX_LANGUAGE_STANDARD = "gnu++14";
				CLANG_CXX_LIBRARY = "libc++";
				CLANG_ENABLE_MODULES = YES;
				CLANG_ENABLE_OBJC_ARC = YES;
				CLANG_WARN_BLOCK_CAPTURE_AUTORELEASING = YES;
				CLANG_WARN_BOOL_CONVERSION = YES;
				CLANG_WARN_COMMA = YES;
				CLANG_WARN_CONSTANT_CONVERSION = YES;
				CLANG_WARN_DIRECT_OBJC_ISA_USAGE = YES_ERROR;
				CLANG_WARN_DOCUMENTATION_COMMENTS = YES;
				CLANG_WARN_EMPTY_BODY = YES;
				CLANG_WARN_ENUM_CONVERSION = YES;
				CLANG_WARN_INFINITE_RECURSION = YES;
				CLANG_WARN_INT_CONVERSION = YES;
				CLANG_WARN_NON_LITERAL_NULL_CONVERSION = YES;
				CLANG_WARN_OBJC_LITERAL_CONVERSION = YES;
				CLANG_WARN_OBJC_ROOT_CLASS = YES_ERROR;
				CLANG_WARN_RANGE_LOOP_ANALYSIS = YES;
				CLANG_WARN_STRICT_PROTOTYPES = YES;
				CLANG_WARN_SUSPICIOUS_MOVE = YES;
				CLANG_WARN_UNGUARDED_AVAILABILITY = YES_AGGRESSIVE;
				CLANG_WARN_UNREACHABLE_CODE = YES;
				CLANG_WARN__DUPLICATE_METHOD_MATCH = YES;
				CODE_SIGN_IDENTITY = "iPhone Developer";
				COPY_PHASE_STRIP = NO;
				CURRENT_PROJECT_VERSION = 1;
				DEBUG_INFORMATION_FORMAT = dwarf;
				ENABLE_STRICT_OBJC_MSGSEND = YES;
				ENABLE_TESTABILITY = YES;
				GCC_C_LANGUAGE_STANDARD = gnu11;
				GCC_DYNAMIC_NO_PIC = NO;
				GCC_NO_COMMON_BLOCKS = YES;
				GCC_OPTIMIZATION_LEVEL = 0;
				GCC_PREPROCESSOR_DEFINITIONS = (
					"DEBUG=1",
					"$(inherited)",
				);
				GCC_WARN_64_TO_32_BIT_CONVERSION = YES;
				GCC_WARN_ABOUT_RETURN_TYPE = YES_ERROR;
				GCC_WARN_UNDECLARED_SELECTOR = YES;
				GCC_WARN_UNINITIALIZED_AUTOS = YES_AGGRESSIVE;
				GCC_WARN_UNUSED_FUNCTION = YES;
				GCC_WARN_UNUSED_VARIABLE = YES;
				IPHONEOS_DEPLOYMENT_TARGET = 11.2;
				MTL_ENABLE_DEBUG_INFO = YES;
				ONLY_ACTIVE_ARCH = YES;
				SDKROOT = iphoneos;
				SWIFT_ACTIVE_COMPILATION_CONDITIONS = DEBUG;
				SWIFT_OPTIMIZATION_LEVEL = "-Onone";
				VERSIONING_SYSTEM = "apple-generic";
				VERSION_INFO_PREFIX = "";
			};
			name = Debug;
		};
		35ED0358202026A8007A941C /* Release */ = {
			isa = XCBuildConfiguration;
			buildSettings = {
				ALWAYS_SEARCH_USER_PATHS = NO;
				CLANG_ANALYZER_NONNULL = YES;
				CLANG_ANALYZER_NUMBER_OBJECT_CONVERSION = YES_AGGRESSIVE;
				CLANG_CXX_LANGUAGE_STANDARD = "gnu++14";
				CLANG_CXX_LIBRARY = "libc++";
				CLANG_ENABLE_MODULES = YES;
				CLANG_ENABLE_OBJC_ARC = YES;
				CLANG_WARN_BLOCK_CAPTURE_AUTORELEASING = YES;
				CLANG_WARN_BOOL_CONVERSION = YES;
				CLANG_WARN_COMMA = YES;
				CLANG_WARN_CONSTANT_CONVERSION = YES;
				CLANG_WARN_DIRECT_OBJC_ISA_USAGE = YES_ERROR;
				CLANG_WARN_DOCUMENTATION_COMMENTS = YES;
				CLANG_WARN_EMPTY_BODY = YES;
				CLANG_WARN_ENUM_CONVERSION = YES;
				CLANG_WARN_INFINITE_RECURSION = YES;
				CLANG_WARN_INT_CONVERSION = YES;
				CLANG_WARN_NON_LITERAL_NULL_CONVERSION = YES;
				CLANG_WARN_OBJC_LITERAL_CONVERSION = YES;
				CLANG_WARN_OBJC_ROOT_CLASS = YES_ERROR;
				CLANG_WARN_RANGE_LOOP_ANALYSIS = YES;
				CLANG_WARN_STRICT_PROTOTYPES = YES;
				CLANG_WARN_SUSPICIOUS_MOVE = YES;
				CLANG_WARN_UNGUARDED_AVAILABILITY = YES_AGGRESSIVE;
				CLANG_WARN_UNREACHABLE_CODE = YES;
				CLANG_WARN__DUPLICATE_METHOD_MATCH = YES;
				CODE_SIGN_IDENTITY = "iPhone Developer";
				COPY_PHASE_STRIP = NO;
				CURRENT_PROJECT_VERSION = 1;
				DEBUG_INFORMATION_FORMAT = "dwarf-with-dsym";
				ENABLE_NS_ASSERTIONS = NO;
				ENABLE_STRICT_OBJC_MSGSEND = YES;
				GCC_C_LANGUAGE_STANDARD = gnu11;
				GCC_NO_COMMON_BLOCKS = YES;
				GCC_WARN_64_TO_32_BIT_CONVERSION = YES;
				GCC_WARN_ABOUT_RETURN_TYPE = YES_ERROR;
				GCC_WARN_UNDECLARED_SELECTOR = YES;
				GCC_WARN_UNINITIALIZED_AUTOS = YES_AGGRESSIVE;
				GCC_WARN_UNUSED_FUNCTION = YES;
				GCC_WARN_UNUSED_VARIABLE = YES;
				IPHONEOS_DEPLOYMENT_TARGET = 11.2;
				MTL_ENABLE_DEBUG_INFO = NO;
				SDKROOT = iphoneos;
				SWIFT_OPTIMIZATION_LEVEL = "-Owholemodule";
				VALIDATE_PRODUCT = YES;
				VERSIONING_SYSTEM = "apple-generic";
				VERSION_INFO_PREFIX = "";
			};
			name = Release;
		};
		35ED035A202026A8007A941C /* Debug */ = {
			isa = XCBuildConfiguration;
			buildSettings = {
				CLANG_ENABLE_MODULES = YES;
				CODE_SIGN_IDENTITY = "";
				CODE_SIGN_STYLE = Automatic;
				DEFINES_MODULE = YES;
				DEVELOPMENT_TEAM = P3SL8HVN4S;
				DYLIB_COMPATIBILITY_VERSION = 1;
				DYLIB_CURRENT_VERSION = 1;
				DYLIB_INSTALL_NAME_BASE = "@rpath";
				INFOPLIST_FILE = RuntimeUI/Info.plist;
				INSTALL_PATH = "$(LOCAL_LIBRARY_DIR)/Frameworks";
				LD_RUNPATH_SEARCH_PATHS = "$(inherited) @executable_path/Frameworks @loader_path/Frameworks";
				PRODUCT_BUNDLE_IDENTIFIER = com.hk.lib.RuntimeUI;
				PRODUCT_NAME = "$(TARGET_NAME:c99extidentifier)";
				SKIP_INSTALL = YES;
				SWIFT_OPTIMIZATION_LEVEL = "-Onone";
				SWIFT_VERSION = 4.0;
				TARGETED_DEVICE_FAMILY = "1,2";
			};
			name = Debug;
		};
		35ED035B202026A8007A941C /* Release */ = {
			isa = XCBuildConfiguration;
			buildSettings = {
				CLANG_ENABLE_MODULES = YES;
				CODE_SIGN_IDENTITY = "";
				CODE_SIGN_STYLE = Automatic;
				DEFINES_MODULE = YES;
				DEVELOPMENT_TEAM = P3SL8HVN4S;
				DYLIB_COMPATIBILITY_VERSION = 1;
				DYLIB_CURRENT_VERSION = 1;
				DYLIB_INSTALL_NAME_BASE = "@rpath";
				INFOPLIST_FILE = RuntimeUI/Info.plist;
				INSTALL_PATH = "$(LOCAL_LIBRARY_DIR)/Frameworks";
				LD_RUNPATH_SEARCH_PATHS = "$(inherited) @executable_path/Frameworks @loader_path/Frameworks";
				PRODUCT_BUNDLE_IDENTIFIER = com.hk.lib.RuntimeUI;
				PRODUCT_NAME = "$(TARGET_NAME:c99extidentifier)";
				SKIP_INSTALL = YES;
				SWIFT_VERSION = 4.0;
				TARGETED_DEVICE_FAMILY = "1,2";
			};
			name = Release;
		};
		35ED035D202026A8007A941C /* Debug */ = {
			isa = XCBuildConfiguration;
			buildSettings = {
				ALWAYS_EMBED_SWIFT_STANDARD_LIBRARIES = YES;
				CODE_SIGN_STYLE = Automatic;
				DEVELOPMENT_TEAM = P3SL8HVN4S;
				INFOPLIST_FILE = RuntimeUITests/Info.plist;
				LD_RUNPATH_SEARCH_PATHS = "$(inherited) @executable_path/Frameworks @loader_path/Frameworks";
				PRODUCT_BUNDLE_IDENTIFIER = com.hk.lib.RuntimeUITests;
				PRODUCT_NAME = "$(TARGET_NAME)";
				SWIFT_VERSION = 4.0;
				TARGETED_DEVICE_FAMILY = "1,2";
			};
			name = Debug;
		};
		35ED035E202026A8007A941C /* Release */ = {
			isa = XCBuildConfiguration;
			buildSettings = {
				ALWAYS_EMBED_SWIFT_STANDARD_LIBRARIES = YES;
				CODE_SIGN_STYLE = Automatic;
				DEVELOPMENT_TEAM = P3SL8HVN4S;
				INFOPLIST_FILE = RuntimeUITests/Info.plist;
				LD_RUNPATH_SEARCH_PATHS = "$(inherited) @executable_path/Frameworks @loader_path/Frameworks";
				PRODUCT_BUNDLE_IDENTIFIER = com.hk.lib.RuntimeUITests;
				PRODUCT_NAME = "$(TARGET_NAME)";
				SWIFT_VERSION = 4.0;
				TARGETED_DEVICE_FAMILY = "1,2";
			};
			name = Release;
		};
/* End XCBuildConfiguration section */

/* Begin XCConfigurationList section */
		35ED033F202026A7007A941C /* Build configuration list for PBXProject "RuntimeUI" */ = {
			isa = XCConfigurationList;
			buildConfigurations = (
				35ED0357202026A8007A941C /* Debug */,
				35ED0358202026A8007A941C /* Release */,
			);
			defaultConfigurationIsVisible = 0;
			defaultConfigurationName = Release;
		};
		35ED0359202026A8007A941C /* Build configuration list for PBXNativeTarget "RuntimeUI" */ = {
			isa = XCConfigurationList;
			buildConfigurations = (
				35ED035A202026A8007A941C /* Debug */,
				35ED035B202026A8007A941C /* Release */,
			);
			defaultConfigurationIsVisible = 0;
			defaultConfigurationName = Release;
		};
		35ED035C202026A8007A941C /* Build configuration list for PBXNativeTarget "RuntimeUITests" */ = {
			isa = XCConfigurationList;
			buildConfigurations = (
				35ED035D202026A8007A941C /* Debug */,
				35ED035E202026A8007A941C /* Release */,
			);
			defaultConfigurationIsVisible = 0;
			defaultConfigurationName = Release;
		};
/* End XCConfigurationList section */
	};
	rootObject = 35ED033C202026A7007A941C /* Project object */;
}
