// !$*UTF8*$!
{
	archiveVersion = 1;
	classes = {
	};
	objectVersion = 48;
	objects = {

/* Begin PBXBuildFile section */
		35EB29E020202A24009D0FAE /* Runtime.framework in Frameworks */ = {isa = PBXBuildFile; fileRef = 35EB29DF20202A24009D0FAE /* Runtime.framework */; };
		35EB29E120202A24009D0FAE /* Runtime.framework in Embed Frameworks */ = {isa = PBXBuildFile; fileRef = 35EB29DF20202A24009D0FAE /* Runtime.framework */; settings = {ATTRIBUTES = (CodeSignOnCopy, RemoveHeadersOnCopy, ); }; };
		35EB29E420202A29009D0FAE /* RuntimeUI.framework in Frameworks */ = {isa = PBXBuildFile; fileRef = 35EB29E320202A29009D0FAE /* RuntimeUI.framework */; };
		35EB29E520202A29009D0FAE /* RuntimeUI.framework in Embed Frameworks */ = {isa = PBXBuildFile; fileRef = 35EB29E320202A29009D0FAE /* RuntimeUI.framework */; settings = {ATTRIBUTES = (CodeSignOnCopy, RemoveHeadersOnCopy, ); }; };
		35ED02B5202022D4007A941C /* AppDelegate.swift in Sources */ = {isa = PBXBuildFile; fileRef = 35ED02B4202022D4007A941C /* AppDelegate.swift */; };
		35ED02B7202022D4007A941C /* ViewController.swift in Sources */ = {isa = PBXBuildFile; fileRef = 35ED02B6202022D4007A941C /* ViewController.swift */; };
		35ED02BA202022D4007A941C /* Main.storyboard in Resources */ = {isa = PBXBuildFile; fileRef = 35ED02B8202022D4007A941C /* Main.storyboard */; };
		35ED02BC202022D4007A941C /* Assets.xcassets in Resources */ = {isa = PBXBuildFile; fileRef = 35ED02BB202022D4007A941C /* Assets.xcassets */; };
		35ED02BF202022D4007A941C /* LaunchScreen.storyboard in Resources */ = {isa = PBXBuildFile; fileRef = 35ED02BD202022D4007A941C /* LaunchScreen.storyboard */; };
		35ED02CA202022D4007A941C /* RuntimeDemoTests.swift in Sources */ = {isa = PBXBuildFile; fileRef = 35ED02C9202022D4007A941C /* RuntimeDemoTests.swift */; };
/* End PBXBuildFile section */

/* Begin PBXContainerItemProxy section */
		35ED02C6202022D4007A941C /* PBXContainerItemProxy */ = {
			isa = PBXContainerItemProxy;
			containerPortal = 35ED02A9202022D4007A941C /* Project object */;
			proxyType = 1;
			remoteGlobalIDString = 35ED02B0202022D4007A941C;
			remoteInfo = RuntimeDemo;
		};
/* End PBXContainerItemProxy section */

/* Begin PBXCopyFilesBuildPhase section */
		35EB29E220202A25009D0FAE /* Embed Frameworks */ = {
			isa = PBXCopyFilesBuildPhase;
			buildActionMask = 2147483647;
			dstPath = "";
			dstSubfolderSpec = 10;
			files = (
				35EB29E120202A24009D0FAE /* Runtime.framework in Embed Frameworks */,
				35EB29E520202A29009D0FAE /* RuntimeUI.framework in Embed Frameworks */,
			);
			name = "Embed Frameworks";
			runOnlyForDeploymentPostprocessing = 0;
		};
/* End PBXCopyFilesBuildPhase section */

/* Begin PBXFileReference section */
		35EB29DF20202A24009D0FAE /* Runtime.framework */ = {isa = PBXFileReference; explicitFileType = wrapper.framework; path = Runtime.framework; sourceTree = BUILT_PRODUCTS_DIR; };
		35EB29E320202A29009D0FAE /* RuntimeUI.framework */ = {isa = PBXFileReference; explicitFileType = wrapper.framework; path = RuntimeUI.framework; sourceTree = BUILT_PRODUCTS_DIR; };
		35ED02B1202022D4007A941C /* RuntimeDemo.app */ = {isa = PBXFileReference; explicitFileType = wrapper.application; includeInIndex = 0; path = RuntimeDemo.app; sourceTree = BUILT_PRODUCTS_DIR; };
		35ED02B4202022D4007A941C /* AppDelegate.swift */ = {isa = PBXFileReference; lastKnownFileType = sourcecode.swift; path = AppDelegate.swift; sourceTree = "<group>"; };
		35ED02B6202022D4007A941C /* ViewController.swift */ = {isa = PBXFileReference; lastKnownFileType = sourcecode.swift; path = ViewController.swift; sourceTree = "<group>"; };
		35ED02B9202022D4007A941C /* Base */ = {isa = PBXFileReference; lastKnownFileType = file.storyboard; name = Base; path = Base.lproj/Main.storyboard; sourceTree = "<group>"; };
		35ED02BB202022D4007A941C /* Assets.xcassets */ = {isa = PBXFileReference; lastKnownFileType = folder.assetcatalog; path = Assets.xcassets; sourceTree = "<group>"; };
		35ED02BE202022D4007A941C /* Base */ = {isa = PBXFileReference; lastKnownFileType = file.storyboard; name = Base; path = Base.lproj/LaunchScreen.storyboard; sourceTree = "<group>"; };
		35ED02C0202022D4007A941C /* Info.plist */ = {isa = PBXFileReference; lastKnownFileType = text.plist.xml; path = Info.plist; sourceTree = "<group>"; };
		35ED02C5202022D4007A941C /* RuntimeDemoTests.xctest */ = {isa = PBXFileReference; explicitFileType = wrapper.cfbundle; includeInIndex = 0; path = RuntimeDemoTests.xctest; sourceTree = BUILT_PRODUCTS_DIR; };
		35ED02C9202022D4007A941C /* RuntimeDemoTests.swift */ = {isa = PBXFileReference; lastKnownFileType = sourcecode.swift; path = RuntimeDemoTests.swift; sourceTree = "<group>"; };
		35ED02CB202022D4007A941C /* Info.plist */ = {isa = PBXFileReference; lastKnownFileType = text.plist.xml; path = Info.plist; sourceTree = "<group>"; };
/* End PBXFileReference section */

/* Begin PBXFrameworksBuildPhase section */
		35ED02AE202022D4007A941C /* Frameworks */ = {
			isa = PBXFrameworksBuildPhase;
			buildActionMask = 2147483647;
			files = (
				35EB29E020202A24009D0FAE /* Runtime.framework in Frameworks */,
				35EB29E420202A29009D0FAE /* RuntimeUI.framework in Frameworks */,
			);
			runOnlyForDeploymentPostprocessing = 0;
		};
		35ED02C2202022D4007A941C /* Frameworks */ = {
			isa = PBXFrameworksBuildPhase;
			buildActionMask = 2147483647;
			files = (
			);
			runOnlyForDeploymentPostprocessing = 0;
		};
/* End PBXFrameworksBuildPhase section */

/* Begin PBXGroup section */
		35EB29E620202AD3009D0FAE /* Frameworks */ = {
			isa = PBXGroup;
			children = (
			);
			name = Frameworks;
			sourceTree = "<group>";
		};
		35ED02A8202022D4007A941C = {
			isa = PBXGroup;
			children = (
				35EB29E320202A29009D0FAE /* RuntimeUI.framework */,
				35EB29DF20202A24009D0FAE /* Runtime.framework */,
				35ED02B3202022D4007A941C /* RuntimeDemo */,
				35ED02C8202022D4007A941C /* RuntimeDemoTests */,
				35EB29E620202AD3009D0FAE /* Frameworks */,
				35ED02B2202022D4007A941C /* Products */,
			);
			sourceTree = "<group>";
		};
		35ED02B2202022D4007A941C /* Products */ = {
			isa = PBXGroup;
			children = (
				35ED02B1202022D4007A941C /* RuntimeDemo.app */,
				35ED02C5202022D4007A941C /* RuntimeDemoTests.xctest */,
			);
			name = Products;
			sourceTree = "<group>";
		};
		35ED02B3202022D4007A941C /* RuntimeDemo */ = {
			isa = PBXGroup;
			children = (
				35ED02B4202022D4007A941C /* AppDelegate.swift */,
				35ED02B6202022D4007A941C /* ViewController.swift */,
				35ED02B8202022D4007A941C /* Main.storyboard */,
				35ED02BB202022D4007A941C /* Assets.xcassets */,
				35ED02BD202022D4007A941C /* LaunchScreen.storyboard */,
				35ED02C0202022D4007A941C /* Info.plist */,
			);
			path = RuntimeDemo;
			sourceTree = "<group>";
		};
		35ED02C8202022D4007A941C /* RuntimeDemoTests */ = {
			isa = PBXGroup;
			children = (
				35ED02C9202022D4007A941C /* RuntimeDemoTests.swift */,
				35ED02CB202022D4007A941C /* Info.plist */,
			);
			path = RuntimeDemoTests;
			sourceTree = "<group>";
		};
/* End PBXGroup section */

/* Begin PBXNativeTarget section */
		35ED02B0202022D4007A941C /* RuntimeDemo */ = {
			isa = PBXNativeTarget;
			buildConfigurationList = 35ED02CE202022D4007A941C /* Build configuration list for PBXNativeTarget "RuntimeDemo" */;
			buildPhases = (
				35ED02AD202022D4007A941C /* Sources */,
				35ED02AE202022D4007A941C /* Frameworks */,
				35ED02AF202022D4007A941C /* Resources */,
				35EB29E220202A25009D0FAE /* Embed Frameworks */,
			);
			buildRules = (
			);
			dependencies = (
			);
			name = RuntimeDemo;
			productName = RuntimeDemo;
			productReference = 35ED02B1202022D4007A941C /* RuntimeDemo.app */;
			productType = "com.apple.product-type.application";
		};
		35ED02C4202022D4007A941C /* RuntimeDemoTests */ = {
			isa = PBXNativeTarget;
			buildConfigurationList = 35ED02D1202022D4007A941C /* Build configuration list for PBXNativeTarget "RuntimeDemoTests" */;
			buildPhases = (
				35ED02C1202022D4007A941C /* Sources */,
				35ED02C2202022D4007A941C /* Frameworks */,
				35ED02C3202022D4007A941C /* Resources */,
			);
			buildRules = (
			);
			dependencies = (
				35ED02C7202022D4007A941C /* PBXTargetDependency */,
			);
			name = RuntimeDemoTests;
			productName = RuntimeDemoTests;
			productReference = 35ED02C5202022D4007A941C /* RuntimeDemoTests.xctest */;
			productType = "com.apple.product-type.bundle.unit-test";
		};
/* End PBXNativeTarget section */

/* Begin PBXProject section */
		35ED02A9202022D4007A941C /* Project object */ = {
			isa = PBXProject;
			attributes = {
				LastSwiftUpdateCheck = 0920;
				LastUpgradeCheck = 0920;
				ORGANIZATIONNAME = "haikieu2907@icloud.com";
				TargetAttributes = {
					35ED02B0202022D4007A941C = {
						CreatedOnToolsVersion = 9.2;
						ProvisioningStyle = Automatic;
					};
					35ED02C4202022D4007A941C = {
						CreatedOnToolsVersion = 9.2;
						ProvisioningStyle = Automatic;
						TestTargetID = 35ED02B0202022D4007A941C;
					};
				};
			};
			buildConfigurationList = 35ED02AC202022D4007A941C /* Build configuration list for PBXProject "RuntimeDemo" */;
			compatibilityVersion = "Xcode 8.0";
			developmentRegion = en;
			hasScannedForEncodings = 0;
			knownRegions = (
				en,
				Base,
			);
			mainGroup = 35ED02A8202022D4007A941C;
			productRefGroup = 35ED02B2202022D4007A941C /* Products */;
			projectDirPath = "";
			projectRoot = "";
			targets = (
				35ED02B0202022D4007A941C /* RuntimeDemo */,
				35ED02C4202022D4007A941C /* RuntimeDemoTests */,
			);
		};
/* End PBXProject section */

/* Begin PBXResourcesBuildPhase section */
		35ED02AF202022D4007A941C /* Resources */ = {
			isa = PBXResourcesBuildPhase;
			buildActionMask = 2147483647;
			files = (
				35ED02BF202022D4007A941C /* LaunchScreen.storyboard in Resources */,
				35ED02BC202022D4007A941C /* Assets.xcassets in Resources */,
				35ED02BA202022D4007A941C /* Main.storyboard in Resources */,
			);
			runOnlyForDeploymentPostprocessing = 0;
		};
		35ED02C3202022D4007A941C /* Resources */ = {
			isa = PBXResourcesBuildPhase;
			buildActionMask = 2147483647;
			files = (
			);
			runOnlyForDeploymentPostprocessing = 0;
		};
/* End PBXResourcesBuildPhase section */

/* Begin PBXSourcesBuildPhase section */
		35ED02AD202022D4007A941C /* Sources */ = {
			isa = PBXSourcesBuildPhase;
			buildActionMask = 2147483647;
			files = (
				35ED02B7202022D4007A941C /* ViewController.swift in Sources */,
				35ED02B5202022D4007A941C /* AppDelegate.swift in Sources */,
			);
			runOnlyForDeploymentPostprocessing = 0;
		};
		35ED02C1202022D4007A941C /* Sources */ = {
			isa = PBXSourcesBuildPhase;
			buildActionMask = 2147483647;
			files = (
				35ED02CA202022D4007A941C /* RuntimeDemoTests.swift in Sources */,
			);
			runOnlyForDeploymentPostprocessing = 0;
		};
/* End PBXSourcesBuildPhase section */

/* Begin PBXTargetDependency section */
		35ED02C7202022D4007A941C /* PBXTargetDependency */ = {
			isa = PBXTargetDependency;
			target = 35ED02B0202022D4007A941C /* RuntimeDemo */;
			targetProxy = 35ED02C6202022D4007A941C /* PBXContainerItemProxy */;
		};
/* End PBXTargetDependency section */

/* Begin PBXVariantGroup section */
		35ED02B8202022D4007A941C /* Main.storyboard */ = {
			isa = PBXVariantGroup;
			children = (
				35ED02B9202022D4007A941C /* Base */,
			);
			name = Main.storyboard;
			sourceTree = "<group>";
		};
		35ED02BD202022D4007A941C /* LaunchScreen.storyboard */ = {
			isa = PBXVariantGroup;
			children = (
				35ED02BE202022D4007A941C /* Base */,
			);
			name = LaunchScreen.storyboard;
			sourceTree = "<group>";
		};
/* End PBXVariantGroup section */

/* Begin XCBuildConfiguration section */
		35ED02CC202022D4007A941C /* Debug */ = {
			isa = XCBuildConfiguration;
			buildSettings = {
				ALWAYS_SEARCH_USER_PATHS = NO;
				CLANG_ANALYZER_NONNULL = YES;
				CLANG_ANALYZER_NUMBER_OBJECT_CONVERSION = YES_AGGRESSIVE;
				CLANG_CXX_LANGUAGE_STANDARD = "gnu++14";
				CLANG_CXX_LIBRARY = "libc++";
				CLANG_ENABLE_MODULES = YES;
				CLANG_ENABLE_OBJC_ARC = YES;
				CLANG_WARN_BLOCK_CAPTURE_AUTORELEASING = YES;
				CLANG_WARN_BOOL_CONVERSION = YES;
				CLANG_WARN_COMMA = YES;
				CLANG_WARN_CONSTANT_CONVERSION = YES;
				CLANG_WARN_DIRECT_OBJC_ISA_USAGE = YES_ERROR;
				CLANG_WARN_DOCUMENTATION_COMMENTS = YES;
				CLANG_WARN_EMPTY_BODY = YES;
				CLANG_WARN_ENUM_CONVERSION = YES;
				CLANG_WARN_INFINITE_RECURSION = YES;
				CLANG_WARN_INT_CONVERSION = YES;
				CLANG_WARN_NON_LITERAL_NULL_CONVERSION = YES;
				CLANG_WARN_OBJC_LITERAL_CONVERSION = YES;
				CLANG_WARN_OBJC_ROOT_CLASS = YES_ERROR;
				CLANG_WARN_RANGE_LOOP_ANALYSIS = YES;
				CLANG_WARN_STRICT_PROTOTYPES = YES;
				CLANG_WARN_SUSPICIOUS_MOVE = YES;
				CLANG_WARN_UNGUARDED_AVAILABILITY = YES_AGGRESSIVE;
				CLANG_WARN_UNREACHABLE_CODE = YES;
				CLANG_WARN__DUPLICATE_METHOD_MATCH = YES;
				CODE_SIGN_IDENTITY = "iPhone Developer";
				COPY_PHASE_STRIP = NO;
				DEBUG_INFORMATION_FORMAT = dwarf;
				ENABLE_STRICT_OBJC_MSGSEND = YES;
				ENABLE_TESTABILITY = YES;
				GCC_C_LANGUAGE_STANDARD = gnu11;
				GCC_DYNAMIC_NO_PIC = NO;
				GCC_NO_COMMON_BLOCKS = YES;
				GCC_OPTIMIZATION_LEVEL = 0;
				GCC_PREPROCESSOR_DEFINITIONS = (
					"DEBUG=1",
					"$(inherited)",
				);
				GCC_WARN_64_TO_32_BIT_CONVERSION = YES;
				GCC_WARN_ABOUT_RETURN_TYPE = YES_ERROR;
				GCC_WARN_UNDECLARED_SELECTOR = YES;
				GCC_WARN_UNINITIALIZED_AUTOS = YES_AGGRESSIVE;
				GCC_WARN_UNUSED_FUNCTION = YES;
				GCC_WARN_UNUSED_VARIABLE = YES;
				IPHONEOS_DEPLOYMENT_TARGET = 11.2;
				MTL_ENABLE_DEBUG_INFO = YES;
				ONLY_ACTIVE_ARCH = YES;
				SDKROOT = iphoneos;
				SWIFT_ACTIVE_COMPILATION_CONDITIONS = DEBUG;
				SWIFT_OPTIMIZATION_LEVEL = "-Onone";
			};
			name = Debug;
		};
		35ED02CD202022D4007A941C /* Release */ = {
			isa = XCBuildConfiguration;
			buildSettings = {
				ALWAYS_SEARCH_USER_PATHS = NO;
				CLANG_ANALYZER_NONNULL = YES;
				CLANG_ANALYZER_NUMBER_OBJECT_CONVERSION = YES_AGGRESSIVE;
				CLANG_CXX_LANGUAGE_STANDARD = "gnu++14";
				CLANG_CXX_LIBRARY = "libc++";
				CLANG_ENABLE_MODULES = YES;
				CLANG_ENABLE_OBJC_ARC = YES;
				CLANG_WARN_BLOCK_CAPTURE_AUTORELEASING = YES;
				CLANG_WARN_BOOL_CONVERSION = YES;
				CLANG_WARN_COMMA = YES;
				CLANG_WARN_CONSTANT_CONVERSION = YES;
				CLANG_WARN_DIRECT_OBJC_ISA_USAGE = YES_ERROR;
				CLANG_WARN_DOCUMENTATION_COMMENTS = YES;
				CLANG_WARN_EMPTY_BODY = YES;
				CLANG_WARN_ENUM_CONVERSION = YES;
				CLANG_WARN_INFINITE_RECURSION = YES;
				CLANG_WARN_INT_CONVERSION = YES;
				CLANG_WARN_NON_LITERAL_NULL_CONVERSION = YES;
				CLANG_WARN_OBJC_LITERAL_CONVERSION = YES;
				CLANG_WARN_OBJC_ROOT_CLASS = YES_ERROR;
				CLANG_WARN_RANGE_LOOP_ANALYSIS = YES;
				CLANG_WARN_STRICT_PROTOTYPES = YES;
				CLANG_WARN_SUSPICIOUS_MOVE = YES;
				CLANG_WARN_UNGUARDED_AVAILABILITY = YES_AGGRESSIVE;
				CLANG_WARN_UNREACHABLE_CODE = YES;
				CLANG_WARN__DUPLICATE_METHOD_MATCH = YES;
				CODE_SIGN_IDENTITY = "iPhone Developer";
				COPY_PHASE_STRIP = NO;
				DEBUG_INFORMATION_FORMAT = "dwarf-with-dsym";
				ENABLE_NS_ASSERTIONS = NO;
				ENABLE_STRICT_OBJC_MSGSEND = YES;
				GCC_C_LANGUAGE_STANDARD = gnu11;
				GCC_NO_COMMON_BLOCKS = YES;
				GCC_WARN_64_TO_32_BIT_CONVERSION = YES;
				GCC_WARN_ABOUT_RETURN_TYPE = YES_ERROR;
				GCC_WARN_UNDECLARED_SELECTOR = YES;
				GCC_WARN_UNINITIALIZED_AUTOS = YES_AGGRESSIVE;
				GCC_WARN_UNUSED_FUNCTION = YES;
				GCC_WARN_UNUSED_VARIABLE = YES;
				IPHONEOS_DEPLOYMENT_TARGET = 11.2;
				MTL_ENABLE_DEBUG_INFO = NO;
				SDKROOT = iphoneos;
				SWIFT_OPTIMIZATION_LEVEL = "-Owholemodule";
				VALIDATE_PRODUCT = YES;
			};
			name = Release;
		};
		35ED02CF202022D4007A941C /* Debug */ = {
			isa = XCBuildConfiguration;
			buildSettings = {
				ASSETCATALOG_COMPILER_APPICON_NAME = AppIcon;
				CODE_SIGN_STYLE = Automatic;
				DEVELOPMENT_TEAM = P3SL8HVN4S;
				INFOPLIST_FILE = RuntimeDemo/Info.plist;
				LD_RUNPATH_SEARCH_PATHS = "$(inherited) @executable_path/Frameworks";
				PRODUCT_BUNDLE_IDENTIFIER = com.hk.demo.RuntimeDemo;
				PRODUCT_NAME = "$(TARGET_NAME)";
				SWIFT_VERSION = 4.0;
				TARGETED_DEVICE_FAMILY = "1,2";
			};
			name = Debug;
		};
		35ED02D0202022D4007A941C /* Release */ = {
			isa = XCBuildConfiguration;
			buildSettings = {
				ASSETCATALOG_COMPILER_APPICON_NAME = AppIcon;
				CODE_SIGN_STYLE = Automatic;
				DEVELOPMENT_TEAM = P3SL8HVN4S;
				INFOPLIST_FILE = RuntimeDemo/Info.plist;
				LD_RUNPATH_SEARCH_PATHS = "$(inherited) @executable_path/Frameworks";
				PRODUCT_BUNDLE_IDENTIFIER = com.hk.demo.RuntimeDemo;
				PRODUCT_NAME = "$(TARGET_NAME)";
				SWIFT_VERSION = 4.0;
				TARGETED_DEVICE_FAMILY = "1,2";
			};
			name = Release;
		};
		35ED02D2202022D4007A941C /* Debug */ = {
			isa = XCBuildConfiguration;
			buildSettings = {
				ALWAYS_EMBED_SWIFT_STANDARD_LIBRARIES = YES;
				BUNDLE_LOADER = "$(TEST_HOST)";
				CODE_SIGN_STYLE = Automatic;
				DEVELOPMENT_TEAM = P3SL8HVN4S;
				INFOPLIST_FILE = RuntimeDemoTests/Info.plist;
				LD_RUNPATH_SEARCH_PATHS = "$(inherited) @executable_path/Frameworks @loader_path/Frameworks";
				PRODUCT_BUNDLE_IDENTIFIER = com.hk.demo.RuntimeDemoTests;
				PRODUCT_NAME = "$(TARGET_NAME)";
				SWIFT_VERSION = 4.0;
				TARGETED_DEVICE_FAMILY = "1,2";
				TEST_HOST = "$(BUILT_PRODUCTS_DIR)/RuntimeDemo.app/RuntimeDemo";
			};
			name = Debug;
		};
		35ED02D3202022D4007A941C /* Release */ = {
			isa = XCBuildConfiguration;
			buildSettings = {
				ALWAYS_EMBED_SWIFT_STANDARD_LIBRARIES = YES;
				BUNDLE_LOADER = "$(TEST_HOST)";
				CODE_SIGN_STYLE = Automatic;
				DEVELOPMENT_TEAM = P3SL8HVN4S;
				INFOPLIST_FILE = RuntimeDemoTests/Info.plist;
				LD_RUNPATH_SEARCH_PATHS = "$(inherited) @executable_path/Frameworks @loader_path/Frameworks";
				PRODUCT_BUNDLE_IDENTIFIER = com.hk.demo.RuntimeDemoTests;
				PRODUCT_NAME = "$(TARGET_NAME)";
				SWIFT_VERSION = 4.0;
				TARGETED_DEVICE_FAMILY = "1,2";
				TEST_HOST = "$(BUILT_PRODUCTS_DIR)/RuntimeDemo.app/RuntimeDemo";
			};
			name = Release;
		};
/* End XCBuildConfiguration section */

/* Begin XCConfigurationList section */
		35ED02AC202022D4007A941C /* Build configuration list for PBXProject "RuntimeDemo" */ = {
			isa = XCConfigurationList;
			buildConfigurations = (
				35ED02CC202022D4007A941C /* Debug */,
				35ED02CD202022D4007A941C /* Release */,
			);
			defaultConfigurationIsVisible = 0;
			defaultConfigurationName = Release;
		};
		35ED02CE202022D4007A941C /* Build configuration list for PBXNativeTarget "RuntimeDemo" */ = {
			isa = XCConfigurationList;
			buildConfigurations = (
				35ED02CF202022D4007A941C /* Debug */,
				35ED02D0202022D4007A941C /* Release */,
			);
			defaultConfigurationIsVisible = 0;
			defaultConfigurationName = Release;
		};
		35ED02D1202022D4007A941C /* Build configuration list for PBXNativeTarget "RuntimeDemoTests" */ = {
			isa = XCConfigurationList;
			buildConfigurations = (
				35ED02D2202022D4007A941C /* Debug */,
				35ED02D3202022D4007A941C /* Release */,
			);
			defaultConfigurationIsVisible = 0;
			defaultConfigurationName = Release;
		};
/* End XCConfigurationList section */
	};
	rootObject = 35ED02A9202022D4007A941C /* Project object */;
}
